
Microsoft Visual Studio Solution File, Format Version 12.00
# Visual Studio Version 17
VisualStudioVersion = 17.2.32526.322
MinimumVisualStudioVersion = 10.0.40219.1
Project("{FAE04EC0-301F-11D3-BF4B-00C04F79EFBC}") = "LongerSprinting", "LongerSprinting\LongerSprinting.csproj", "{9322C814-DFF8-4494-84D0-C7D79D95B674}"
EndProject
Global
	GlobalSection(SolutionConfigurationPlatforms) = preSolution
		Debug|Any CPU = Debug|Any CPU
		Release|Any CPU = Release|Any CPU
	EndGlobalSection
	GlobalSection(ProjectConfigurationPlatforms) = postSolution
		{9322C814-DFF8-4494-84D0-C7D79D95B674}.Debug|Any CPU.ActiveCfg = Debug|Any CPU
		{9322C814-DFF8-4494-84D0-C7D79D95B674}.Debug|Any CPU.Build.0 = Debug|Any CPU
		{9322C814-DFF8-4494-84D0-C7D79D95B674}.Release|Any CPU.ActiveCfg = Release|Any CPU
		{9322C814-DFF8-4494-84D0-C7D79D95B674}.Release|Any CPU.Build.0 = Release|Any CPU
	EndGlobalSection
	GlobalSection(SolutionProperties) = preSolution
		HideSolutionNode = FALSE
	EndGlobalSection
	GlobalSection(ExtensibilityGlobals) = postSolution
		SolutionGuid = {06EE31BF-1DC2-40FF-AC30-03CF4B852745}
	EndGlobalSection
EndGlobal
